
Microsoft Visual Studio Solution File, Format Version 12.00
# Visual Studio 15
VisualStudioVersion = 15.0.27130.2036
MinimumVisualStudioVersion = 10.0.40219.1
Project("{FAE04EC0-301F-11D3-BF4B-00C04F79EFBC}") = "RazorPagesMovie", "RazorPagesMovie\RazorPagesMovie.csproj", "{DDA5D849-3330-43ED-87B7-806E9F163A0D}"
EndProject
Global
	GlobalSection(SolutionConfigurationPlatforms) = preSolution
		Debug|Any CPU = Debug|Any CPU
		Release|Any CPU = Release|Any CPU
	EndGlobalSection
	GlobalSection(ProjectConfigurationPlatforms) = postSolution
		{DDA5D849-3330-43ED-87B7-806E9F163A0D}.Debug|Any CPU.ActiveCfg = Debug|Any CPU
		{DDA5D849-3330-43ED-87B7-806E9F163A0D}.Debug|Any CPU.Build.0 = Debug|Any CPU
		{DDA5D849-3330-43ED-87B7-806E9F163A0D}.Release|Any CPU.ActiveCfg = Release|Any CPU
		{DDA5D849-3330-43ED-87B7-806E9F163A0D}.Release|Any CPU.Build.0 = Release|Any CPU
	EndGlobalSection
	GlobalSection(SolutionProperties) = preSolution
		HideSolutionNode = FALSE
	EndGlobalSection
	GlobalSection(ExtensibilityGlobals) = postSolution
		SolutionGuid = {42C43D07-3E5C-41B0-BD9A-D402DEC1F7D4}
	EndGlobalSection
EndGlobal
